
Microsoft Visual Studio Solution File, Format Version 12.00
# Visual Studio 2012
Project("{8BC9CEB8-8B4A-11D0-8D11-00A0C91BC942}") = "twoSum", "leetcode.vcxproj", "{63886823-14A6-4209-974B-5BC59D14BE71}"
EndProject
Project("{8BC9CEB8-8B4A-11D0-8D11-00A0C91BC942}") = "Median of Two Sorted Arrays", "..\Median of Two Sorted Arrays\Median of Two Sorted Arrays.vcxproj", "{3F3FB1D5-7FDD-4BB1-A413-828B7C002CC9}"
EndProject
Project("{8BC9CEB8-8B4A-11D0-8D11-00A0C91BC942}") = "Longest Substring Without Repeating Characters", "..\Longest Substring Without Repeating Characters\Longest Substring Without Repeating Characters.vcxproj", "{51D417E6-72F5-47BC-B31F-FE11C58AE09E}"
EndProject
Project("{8BC9CEB8-8B4A-11D0-8D11-00A0C91BC942}") = "Add Two Numbers", "Add Two Numbers\Add Two Numbers.vcxproj", "{3EB301C8-F0E2-4671-882B-374AF95192B9}"
EndProject
Project("{8BC9CEB8-8B4A-11D0-8D11-00A0C91BC942}") = "Longest Palindromic Substring", "..\Longest Palindromic Substring\Longest Palindromic Substring.vcxproj", "{A4662371-69D0-4C10-A3D1-85FC33FC19D9}"
EndProject
Project("{8BC9CEB8-8B4A-11D0-8D11-00A0C91BC942}") = "ZigZag Conversion", "..\ZigZag Conversion\ZigZag Conversion.vcxproj", "{C47C8497-DB57-4606-9214-AEED014EC8E3}"
EndProject
Project("{8BC9CEB8-8B4A-11D0-8D11-00A0C91BC942}") = "Reverse Integer", "..\Reverse Integer\Reverse Integer.vcxproj", "{9ED4C6C2-6385-46DE-B4BB-1E2E4F9B0783}"
EndProject
Project("{8BC9CEB8-8B4A-11D0-8D11-00A0C91BC942}") = "String to Integer", "..\String to Integer\String to Integer.vcxproj", "{FE1792DB-5034-4A36-9D1B-5943BD9BB776}"
EndProject
Project("{8BC9CEB8-8B4A-11D0-8D11-00A0C91BC942}") = "Palindrome Number", "..\Palindrome Number\Palindrome Number.vcxproj", "{0F36F1AB-C85B-43BD-8867-71DD4E2E3370}"
EndProject
Project("{8BC9CEB8-8B4A-11D0-8D11-00A0C91BC942}") = "Regular Expression Matching", "..\Regular Expression Matching\Regular Expression Matching.vcxproj", "{A0B52973-2D03-4F35-8F69-DCEBF85DFD41}"
EndProject
Project("{8BC9CEB8-8B4A-11D0-8D11-00A0C91BC942}") = "3Sum", "..\3Sum\3Sum.vcxproj", "{71BE4DE3-A0DE-4AC8-B83A-A9A5773B3E40}"
EndProject
Project("{8BC9CEB8-8B4A-11D0-8D11-00A0C91BC942}") = "3Sum Closest", "..\3Sum Closest\3Sum Closest.vcxproj", "{E87619DF-665D-4B5C-8666-175CDBE0F92B}"
EndProject
Project("{8BC9CEB8-8B4A-11D0-8D11-00A0C91BC942}") = "4Sum", "..\4Sum\4Sum.vcxproj", "{77B537C4-E15F-4D24-8779-4EED6869E210}"
EndProject
Project("{8BC9CEB8-8B4A-11D0-8D11-00A0C91BC942}") = "Test", "..\Test\Test.vcxproj", "{5EF42EF5-7F61-428C-876B-1BD08BAA4F0B}"
EndProject
Project("{8BC9CEB8-8B4A-11D0-8D11-00A0C91BC942}") = "Permutation Sequence", "..\Permutation Sequence\Permutation Sequence.vcxproj", "{DA291376-7018-4199-8188-DD9FDFAA2271}"
EndProject
Project("{8BC9CEB8-8B4A-11D0-8D11-00A0C91BC942}") = "Remove Nth Node From End of List", "..\Remove Nth Node From End of List\Remove Nth Node From End of List.vcxproj", "{F5A5EE92-5199-44A2-B061-194D73EBB459}"
EndProject
Project("{8BC9CEB8-8B4A-11D0-8D11-00A0C91BC942}") = "Valid Parentheses", "..\Valid Parentheses\Valid Parentheses.vcxproj", "{33B090AF-C588-457E-92C4-28F6203CB33D}"
EndProject
Project("{8BC9CEB8-8B4A-11D0-8D11-00A0C91BC942}") = "Generate Parentheses", "..\Generate Parentheses\Generate Parentheses.vcxproj", "{0A16E6E3-74EB-4D37-AE14-B1D7F7B58582}"
EndProject
Project("{8BC9CEB8-8B4A-11D0-8D11-00A0C91BC942}") = "Merge k Sorted Lists", "..\Merge k Sorted Lists\Merge k Sorted Lists.vcxproj", "{DAA3228F-C4F3-4A6C-B174-1ACA1252ECA6}"
EndProject
Project("{8BC9CEB8-8B4A-11D0-8D11-00A0C91BC942}") = "Swap Nodes in Pairs", "..\Swap Nodes in Pairs\Swap Nodes in Pairs.vcxproj", "{92E52E18-4604-4A7C-9CAE-BDFB4DEE6421}"
EndProject
Project("{8BC9CEB8-8B4A-11D0-8D11-00A0C91BC942}") = "Reverse Nodes in k-Group", "..\Reverse Nodes in k-Group\Reverse Nodes in k-Group.vcxproj", "{92E661E1-5BA2-4EED-A47C-2DA597E9505C}"
EndProject
Project("{8BC9CEB8-8B4A-11D0-8D11-00A0C91BC942}") = "Remove Duplicates from Sorted Array", "..\Remove Duplicates from Sorted Array\Remove Duplicates from Sorted Array.vcxproj", "{21C691E2-235C-430F-8169-0AEA3C158170}"
EndProject
Project("{8BC9CEB8-8B4A-11D0-8D11-00A0C91BC942}") = "Remove Element", "..\Remove Element\Remove Element.vcxproj", "{79CB11E1-E136-4B4C-900B-65E12511BBE8}"
EndProject
Global
	GlobalSection(SolutionConfigurationPlatforms) = preSolution
		Debug|Any CPU = Debug|Any CPU
		Debug|Mixed Platforms = Debug|Mixed Platforms
		Debug|Win32 = Debug|Win32
		Release|Any CPU = Release|Any CPU
		Release|Mixed Platforms = Release|Mixed Platforms
		Release|Win32 = Release|Win32
	EndGlobalSection
	GlobalSection(ProjectConfigurationPlatforms) = postSolution
		{63886823-14A6-4209-974B-5BC59D14BE71}.Debug|Any CPU.ActiveCfg = Debug|Win32
		{63886823-14A6-4209-974B-5BC59D14BE71}.Debug|Mixed Platforms.ActiveCfg = Debug|Win32
		{63886823-14A6-4209-974B-5BC59D14BE71}.Debug|Mixed Platforms.Build.0 = Debug|Win32
		{63886823-14A6-4209-974B-5BC59D14BE71}.Debug|Win32.ActiveCfg = Debug|Win32
		{63886823-14A6-4209-974B-5BC59D14BE71}.Debug|Win32.Build.0 = Debug|Win32
		{63886823-14A6-4209-974B-5BC59D14BE71}.Release|Any CPU.ActiveCfg = Release|Win32
		{63886823-14A6-4209-974B-5BC59D14BE71}.Release|Mixed Platforms.ActiveCfg = Release|Win32
		{63886823-14A6-4209-974B-5BC59D14BE71}.Release|Mixed Platforms.Build.0 = Release|Win32
		{63886823-14A6-4209-974B-5BC59D14BE71}.Release|Win32.ActiveCfg = Release|Win32
		{63886823-14A6-4209-974B-5BC59D14BE71}.Release|Win32.Build.0 = Release|Win32
		{3F3FB1D5-7FDD-4BB1-A413-828B7C002CC9}.Debug|Any CPU.ActiveCfg = Debug|Win32
		{3F3FB1D5-7FDD-4BB1-A413-828B7C002CC9}.Debug|Mixed Platforms.ActiveCfg = Debug|Win32
		{3F3FB1D5-7FDD-4BB1-A413-828B7C002CC9}.Debug|Mixed Platforms.Build.0 = Debug|Win32
		{3F3FB1D5-7FDD-4BB1-A413-828B7C002CC9}.Debug|Win32.ActiveCfg = Debug|Win32
		{3F3FB1D5-7FDD-4BB1-A413-828B7C002CC9}.Debug|Win32.Build.0 = Debug|Win32
		{3F3FB1D5-7FDD-4BB1-A413-828B7C002CC9}.Release|Any CPU.ActiveCfg = Release|Win32
		{3F3FB1D5-7FDD-4BB1-A413-828B7C002CC9}.Release|Mixed Platforms.ActiveCfg = Release|Win32
		{3F3FB1D5-7FDD-4BB1-A413-828B7C002CC9}.Release|Mixed Platforms.Build.0 = Release|Win32
		{3F3FB1D5-7FDD-4BB1-A413-828B7C002CC9}.Release|Win32.ActiveCfg = Release|Win32
		{3F3FB1D5-7FDD-4BB1-A413-828B7C002CC9}.Release|Win32.Build.0 = Release|Win32
		{51D417E6-72F5-47BC-B31F-FE11C58AE09E}.Debug|Any CPU.ActiveCfg = Debug|Win32
		{51D417E6-72F5-47BC-B31F-FE11C58AE09E}.Debug|Mixed Platforms.ActiveCfg = Debug|Win32
		{51D417E6-72F5-47BC-B31F-FE11C58AE09E}.Debug|Mixed Platforms.Build.0 = Debug|Win32
		{51D417E6-72F5-47BC-B31F-FE11C58AE09E}.Debug|Win32.ActiveCfg = Debug|Win32
		{51D417E6-72F5-47BC-B31F-FE11C58AE09E}.Debug|Win32.Build.0 = Debug|Win32
		{51D417E6-72F5-47BC-B31F-FE11C58AE09E}.Release|Any CPU.ActiveCfg = Release|Win32
		{51D417E6-72F5-47BC-B31F-FE11C58AE09E}.Release|Mixed Platforms.ActiveCfg = Release|Win32
		{51D417E6-72F5-47BC-B31F-FE11C58AE09E}.Release|Mixed Platforms.Build.0 = Release|Win32
		{51D417E6-72F5-47BC-B31F-FE11C58AE09E}.Release|Win32.ActiveCfg = Release|Win32
		{51D417E6-72F5-47BC-B31F-FE11C58AE09E}.Release|Win32.Build.0 = Release|Win32
		{3EB301C8-F0E2-4671-882B-374AF95192B9}.Debug|Any CPU.ActiveCfg = Debug|Win32
		{3EB301C8-F0E2-4671-882B-374AF95192B9}.Debug|Mixed Platforms.ActiveCfg = Debug|Win32
		{3EB301C8-F0E2-4671-882B-374AF95192B9}.Debug|Mixed Platforms.Build.0 = Debug|Win32
		{3EB301C8-F0E2-4671-882B-374AF95192B9}.Debug|Win32.ActiveCfg = Debug|Win32
		{3EB301C8-F0E2-4671-882B-374AF95192B9}.Debug|Win32.Build.0 = Debug|Win32
		{3EB301C8-F0E2-4671-882B-374AF95192B9}.Release|Any CPU.ActiveCfg = Release|Win32
		{3EB301C8-F0E2-4671-882B-374AF95192B9}.Release|Mixed Platforms.ActiveCfg = Release|Win32
		{3EB301C8-F0E2-4671-882B-374AF95192B9}.Release|Mixed Platforms.Build.0 = Release|Win32
		{3EB301C8-F0E2-4671-882B-374AF95192B9}.Release|Win32.ActiveCfg = Release|Win32
		{3EB301C8-F0E2-4671-882B-374AF95192B9}.Release|Win32.Build.0 = Release|Win32
		{A4662371-69D0-4C10-A3D1-85FC33FC19D9}.Debug|Any CPU.ActiveCfg = Debug|Win32
		{A4662371-69D0-4C10-A3D1-85FC33FC19D9}.Debug|Mixed Platforms.ActiveCfg = Debug|Win32
		{A4662371-69D0-4C10-A3D1-85FC33FC19D9}.Debug|Mixed Platforms.Build.0 = Debug|Win32
		{A4662371-69D0-4C10-A3D1-85FC33FC19D9}.Debug|Win32.ActiveCfg = Debug|Win32
		{A4662371-69D0-4C10-A3D1-85FC33FC19D9}.Debug|Win32.Build.0 = Debug|Win32
		{A4662371-69D0-4C10-A3D1-85FC33FC19D9}.Release|Any CPU.ActiveCfg = Release|Win32
		{A4662371-69D0-4C10-A3D1-85FC33FC19D9}.Release|Mixed Platforms.ActiveCfg = Release|Win32
		{A4662371-69D0-4C10-A3D1-85FC33FC19D9}.Release|Mixed Platforms.Build.0 = Release|Win32
		{A4662371-69D0-4C10-A3D1-85FC33FC19D9}.Release|Win32.ActiveCfg = Release|Win32
		{A4662371-69D0-4C10-A3D1-85FC33FC19D9}.Release|Win32.Build.0 = Release|Win32
		{C47C8497-DB57-4606-9214-AEED014EC8E3}.Debug|Any CPU.ActiveCfg = Debug|Win32
		{C47C8497-DB57-4606-9214-AEED014EC8E3}.Debug|Mixed Platforms.ActiveCfg = Debug|Win32
		{C47C8497-DB57-4606-9214-AEED014EC8E3}.Debug|Mixed Platforms.Build.0 = Debug|Win32
		{C47C8497-DB57-4606-9214-AEED014EC8E3}.Debug|Win32.ActiveCfg = Debug|Win32
		{C47C8497-DB57-4606-9214-AEED014EC8E3}.Debug|Win32.Build.0 = Debug|Win32
		{C47C8497-DB57-4606-9214-AEED014EC8E3}.Release|Any CPU.ActiveCfg = Release|Win32
		{C47C8497-DB57-4606-9214-AEED014EC8E3}.Release|Mixed Platforms.ActiveCfg = Release|Win32
		{C47C8497-DB57-4606-9214-AEED014EC8E3}.Release|Mixed Platforms.Build.0 = Release|Win32
		{C47C8497-DB57-4606-9214-AEED014EC8E3}.Release|Win32.ActiveCfg = Release|Win32
		{C47C8497-DB57-4606-9214-AEED014EC8E3}.Release|Win32.Build.0 = Release|Win32
		{9ED4C6C2-6385-46DE-B4BB-1E2E4F9B0783}.Debug|Any CPU.ActiveCfg = Debug|Win32
		{9ED4C6C2-6385-46DE-B4BB-1E2E4F9B0783}.Debug|Mixed Platforms.ActiveCfg = Debug|Win32
		{9ED4C6C2-6385-46DE-B4BB-1E2E4F9B0783}.Debug|Mixed Platforms.Build.0 = Debug|Win32
		{9ED4C6C2-6385-46DE-B4BB-1E2E4F9B0783}.Debug|Win32.ActiveCfg = Debug|Win32
		{9ED4C6C2-6385-46DE-B4BB-1E2E4F9B0783}.Debug|Win32.Build.0 = Debug|Win32
		{9ED4C6C2-6385-46DE-B4BB-1E2E4F9B0783}.Release|Any CPU.ActiveCfg = Release|Win32
		{9ED4C6C2-6385-46DE-B4BB-1E2E4F9B0783}.Release|Mixed Platforms.ActiveCfg = Release|Win32
		{9ED4C6C2-6385-46DE-B4BB-1E2E4F9B0783}.Release|Mixed Platforms.Build.0 = Release|Win32
		{9ED4C6C2-6385-46DE-B4BB-1E2E4F9B0783}.Release|Win32.ActiveCfg = Release|Win32
		{9ED4C6C2-6385-46DE-B4BB-1E2E4F9B0783}.Release|Win32.Build.0 = Release|Win32
		{FE1792DB-5034-4A36-9D1B-5943BD9BB776}.Debug|Any CPU.ActiveCfg = Debug|Win32
		{FE1792DB-5034-4A36-9D1B-5943BD9BB776}.Debug|Mixed Platforms.ActiveCfg = Debug|Win32
		{FE1792DB-5034-4A36-9D1B-5943BD9BB776}.Debug|Mixed Platforms.Build.0 = Debug|Win32
		{FE1792DB-5034-4A36-9D1B-5943BD9BB776}.Debug|Win32.ActiveCfg = Debug|Win32
		{FE1792DB-5034-4A36-9D1B-5943BD9BB776}.Debug|Win32.Build.0 = Debug|Win32
		{FE1792DB-5034-4A36-9D1B-5943BD9BB776}.Release|Any CPU.ActiveCfg = Release|Win32
		{FE1792DB-5034-4A36-9D1B-5943BD9BB776}.Release|Mixed Platforms.ActiveCfg = Release|Win32
		{FE1792DB-5034-4A36-9D1B-5943BD9BB776}.Release|Mixed Platforms.Build.0 = Release|Win32
		{FE1792DB-5034-4A36-9D1B-5943BD9BB776}.Release|Win32.ActiveCfg = Release|Win32
		{FE1792DB-5034-4A36-9D1B-5943BD9BB776}.Release|Win32.Build.0 = Release|Win32
		{0F36F1AB-C85B-43BD-8867-71DD4E2E3370}.Debug|Any CPU.ActiveCfg = Debug|Win32
		{0F36F1AB-C85B-43BD-8867-71DD4E2E3370}.Debug|Mixed Platforms.ActiveCfg = Debug|Win32
		{0F36F1AB-C85B-43BD-8867-71DD4E2E3370}.Debug|Mixed Platforms.Build.0 = Debug|Win32
		{0F36F1AB-C85B-43BD-8867-71DD4E2E3370}.Debug|Win32.ActiveCfg = Debug|Win32
		{0F36F1AB-C85B-43BD-8867-71DD4E2E3370}.Debug|Win32.Build.0 = Debug|Win32
		{0F36F1AB-C85B-43BD-8867-71DD4E2E3370}.Release|Any CPU.ActiveCfg = Release|Win32
		{0F36F1AB-C85B-43BD-8867-71DD4E2E3370}.Release|Mixed Platforms.ActiveCfg = Release|Win32
		{0F36F1AB-C85B-43BD-8867-71DD4E2E3370}.Release|Mixed Platforms.Build.0 = Release|Win32
		{0F36F1AB-C85B-43BD-8867-71DD4E2E3370}.Release|Win32.ActiveCfg = Release|Win32
		{0F36F1AB-C85B-43BD-8867-71DD4E2E3370}.Release|Win32.Build.0 = Release|Win32
		{A0B52973-2D03-4F35-8F69-DCEBF85DFD41}.Debug|Any CPU.ActiveCfg = Debug|Win32
		{A0B52973-2D03-4F35-8F69-DCEBF85DFD41}.Debug|Mixed Platforms.ActiveCfg = Debug|Win32
		{A0B52973-2D03-4F35-8F69-DCEBF85DFD41}.Debug|Mixed Platforms.Build.0 = Debug|Win32
		{A0B52973-2D03-4F35-8F69-DCEBF85DFD41}.Debug|Win32.ActiveCfg = Debug|Win32
		{A0B52973-2D03-4F35-8F69-DCEBF85DFD41}.Debug|Win32.Build.0 = Debug|Win32
		{A0B52973-2D03-4F35-8F69-DCEBF85DFD41}.Release|Any CPU.ActiveCfg = Release|Win32
		{A0B52973-2D03-4F35-8F69-DCEBF85DFD41}.Release|Mixed Platforms.ActiveCfg = Release|Win32
		{A0B52973-2D03-4F35-8F69-DCEBF85DFD41}.Release|Mixed Platforms.Build.0 = Release|Win32
		{A0B52973-2D03-4F35-8F69-DCEBF85DFD41}.Release|Win32.ActiveCfg = Release|Win32
		{A0B52973-2D03-4F35-8F69-DCEBF85DFD41}.Release|Win32.Build.0 = Release|Win32
		{71BE4DE3-A0DE-4AC8-B83A-A9A5773B3E40}.Debug|Any CPU.ActiveCfg = Debug|Win32
		{71BE4DE3-A0DE-4AC8-B83A-A9A5773B3E40}.Debug|Mixed Platforms.ActiveCfg = Debug|Win32
		{71BE4DE3-A0DE-4AC8-B83A-A9A5773B3E40}.Debug|Mixed Platforms.Build.0 = Debug|Win32
		{71BE4DE3-A0DE-4AC8-B83A-A9A5773B3E40}.Debug|Win32.ActiveCfg = Debug|Win32
		{71BE4DE3-A0DE-4AC8-B83A-A9A5773B3E40}.Debug|Win32.Build.0 = Debug|Win32
		{71BE4DE3-A0DE-4AC8-B83A-A9A5773B3E40}.Release|Any CPU.ActiveCfg = Release|Win32
		{71BE4DE3-A0DE-4AC8-B83A-A9A5773B3E40}.Release|Mixed Platforms.ActiveCfg = Release|Win32
		{71BE4DE3-A0DE-4AC8-B83A-A9A5773B3E40}.Release|Mixed Platforms.Build.0 = Release|Win32
		{71BE4DE3-A0DE-4AC8-B83A-A9A5773B3E40}.Release|Win32.ActiveCfg = Release|Win32
		{71BE4DE3-A0DE-4AC8-B83A-A9A5773B3E40}.Release|Win32.Build.0 = Release|Win32
		{E87619DF-665D-4B5C-8666-175CDBE0F92B}.Debug|Any CPU.ActiveCfg = Debug|Win32
		{E87619DF-665D-4B5C-8666-175CDBE0F92B}.Debug|Mixed Platforms.ActiveCfg = Debug|Win32
		{E87619DF-665D-4B5C-8666-175CDBE0F92B}.Debug|Mixed Platforms.Build.0 = Debug|Win32
		{E87619DF-665D-4B5C-8666-175CDBE0F92B}.Debug|Win32.ActiveCfg = Debug|Win32
		{E87619DF-665D-4B5C-8666-175CDBE0F92B}.Debug|Win32.Build.0 = Debug|Win32
		{E87619DF-665D-4B5C-8666-175CDBE0F92B}.Release|Any CPU.ActiveCfg = Release|Win32
		{E87619DF-665D-4B5C-8666-175CDBE0F92B}.Release|Mixed Platforms.ActiveCfg = Release|Win32
		{E87619DF-665D-4B5C-8666-175CDBE0F92B}.Release|Mixed Platforms.Build.0 = Release|Win32
		{E87619DF-665D-4B5C-8666-175CDBE0F92B}.Release|Win32.ActiveCfg = Release|Win32
		{E87619DF-665D-4B5C-8666-175CDBE0F92B}.Release|Win32.Build.0 = Release|Win32
		{77B537C4-E15F-4D24-8779-4EED6869E210}.Debug|Any CPU.ActiveCfg = Debug|Win32
		{77B537C4-E15F-4D24-8779-4EED6869E210}.Debug|Mixed Platforms.ActiveCfg = Debug|Win32
		{77B537C4-E15F-4D24-8779-4EED6869E210}.Debug|Mixed Platforms.Build.0 = Debug|Win32
		{77B537C4-E15F-4D24-8779-4EED6869E210}.Debug|Win32.ActiveCfg = Debug|Win32
		{77B537C4-E15F-4D24-8779-4EED6869E210}.Debug|Win32.Build.0 = Debug|Win32
		{77B537C4-E15F-4D24-8779-4EED6869E210}.Release|Any CPU.ActiveCfg = Release|Win32
		{77B537C4-E15F-4D24-8779-4EED6869E210}.Release|Mixed Platforms.ActiveCfg = Release|Win32
		{77B537C4-E15F-4D24-8779-4EED6869E210}.Release|Mixed Platforms.Build.0 = Release|Win32
		{77B537C4-E15F-4D24-8779-4EED6869E210}.Release|Win32.ActiveCfg = Release|Win32
		{77B537C4-E15F-4D24-8779-4EED6869E210}.Release|Win32.Build.0 = Release|Win32
		{5EF42EF5-7F61-428C-876B-1BD08BAA4F0B}.Debug|Any CPU.ActiveCfg = Debug|Win32
		{5EF42EF5-7F61-428C-876B-1BD08BAA4F0B}.Debug|Mixed Platforms.ActiveCfg = Debug|Win32
		{5EF42EF5-7F61-428C-876B-1BD08BAA4F0B}.Debug|Mixed Platforms.Build.0 = Debug|Win32
		{5EF42EF5-7F61-428C-876B-1BD08BAA4F0B}.Debug|Win32.ActiveCfg = Debug|Win32
		{5EF42EF5-7F61-428C-876B-1BD08BAA4F0B}.Debug|Win32.Build.0 = Debug|Win32
		{5EF42EF5-7F61-428C-876B-1BD08BAA4F0B}.Release|Any CPU.ActiveCfg = Release|Win32
		{5EF42EF5-7F61-428C-876B-1BD08BAA4F0B}.Release|Mixed Platforms.ActiveCfg = Release|Win32
		{5EF42EF5-7F61-428C-876B-1BD08BAA4F0B}.Release|Mixed Platforms.Build.0 = Release|Win32
		{5EF42EF5-7F61-428C-876B-1BD08BAA4F0B}.Release|Win32.ActiveCfg = Release|Win32
		{5EF42EF5-7F61-428C-876B-1BD08BAA4F0B}.Release|Win32.Build.0 = Release|Win32
		{DA291376-7018-4199-8188-DD9FDFAA2271}.Debug|Any CPU.ActiveCfg = Debug|Win32
		{DA291376-7018-4199-8188-DD9FDFAA2271}.Debug|Mixed Platforms.ActiveCfg = Debug|Win32
		{DA291376-7018-4199-8188-DD9FDFAA2271}.Debug|Mixed Platforms.Build.0 = Debug|Win32
		{DA291376-7018-4199-8188-DD9FDFAA2271}.Debug|Win32.ActiveCfg = Debug|Win32
		{DA291376-7018-4199-8188-DD9FDFAA2271}.Debug|Win32.Build.0 = Debug|Win32
		{DA291376-7018-4199-8188-DD9FDFAA2271}.Release|Any CPU.ActiveCfg = Release|Win32
		{DA291376-7018-4199-8188-DD9FDFAA2271}.Release|Mixed Platforms.ActiveCfg = Release|Win32
		{DA291376-7018-4199-8188-DD9FDFAA2271}.Release|Mixed Platforms.Build.0 = Release|Win32
		{DA291376-7018-4199-8188-DD9FDFAA2271}.Release|Win32.ActiveCfg = Release|Win32
		{DA291376-7018-4199-8188-DD9FDFAA2271}.Release|Win32.Build.0 = Release|Win32
		{F5A5EE92-5199-44A2-B061-194D73EBB459}.Debug|Any CPU.ActiveCfg = Debug|Win32
		{F5A5EE92-5199-44A2-B061-194D73EBB459}.Debug|Mixed Platforms.ActiveCfg = Debug|Win32
		{F5A5EE92-5199-44A2-B061-194D73EBB459}.Debug|Mixed Platforms.Build.0 = Debug|Win32
		{F5A5EE92-5199-44A2-B061-194D73EBB459}.Debug|Win32.ActiveCfg = Debug|Win32
		{F5A5EE92-5199-44A2-B061-194D73EBB459}.Debug|Win32.Build.0 = Debug|Win32
		{F5A5EE92-5199-44A2-B061-194D73EBB459}.Release|Any CPU.ActiveCfg = Release|Win32
		{F5A5EE92-5199-44A2-B061-194D73EBB459}.Release|Mixed Platforms.ActiveCfg = Release|Win32
		{F5A5EE92-5199-44A2-B061-194D73EBB459}.Release|Mixed Platforms.Build.0 = Release|Win32
		{F5A5EE92-5199-44A2-B061-194D73EBB459}.Release|Win32.ActiveCfg = Release|Win32
		{F5A5EE92-5199-44A2-B061-194D73EBB459}.Release|Win32.Build.0 = Release|Win32
		{33B090AF-C588-457E-92C4-28F6203CB33D}.Debug|Any CPU.ActiveCfg = Debug|Win32
		{33B090AF-C588-457E-92C4-28F6203CB33D}.Debug|Mixed Platforms.ActiveCfg = Debug|Win32
		{33B090AF-C588-457E-92C4-28F6203CB33D}.Debug|Mixed Platforms.Build.0 = Debug|Win32
		{33B090AF-C588-457E-92C4-28F6203CB33D}.Debug|Win32.ActiveCfg = Debug|Win32
		{33B090AF-C588-457E-92C4-28F6203CB33D}.Debug|Win32.Build.0 = Debug|Win32
		{33B090AF-C588-457E-92C4-28F6203CB33D}.Release|Any CPU.ActiveCfg = Release|Win32
		{33B090AF-C588-457E-92C4-28F6203CB33D}.Release|Mixed Platforms.ActiveCfg = Release|Win32
		{33B090AF-C588-457E-92C4-28F6203CB33D}.Release|Mixed Platforms.Build.0 = Release|Win32
		{33B090AF-C588-457E-92C4-28F6203CB33D}.Release|Win32.ActiveCfg = Release|Win32
		{33B090AF-C588-457E-92C4-28F6203CB33D}.Release|Win32.Build.0 = Release|Win32
		{0A16E6E3-74EB-4D37-AE14-B1D7F7B58582}.Debug|Any CPU.ActiveCfg = Debug|Win32
		{0A16E6E3-74EB-4D37-AE14-B1D7F7B58582}.Debug|Mixed Platforms.ActiveCfg = Debug|Win32
		{0A16E6E3-74EB-4D37-AE14-B1D7F7B58582}.Debug|Mixed Platforms.Build.0 = Debug|Win32
		{0A16E6E3-74EB-4D37-AE14-B1D7F7B58582}.Debug|Win32.ActiveCfg = Debug|Win32
		{0A16E6E3-74EB-4D37-AE14-B1D7F7B58582}.Debug|Win32.Build.0 = Debug|Win32
		{0A16E6E3-74EB-4D37-AE14-B1D7F7B58582}.Release|Any CPU.ActiveCfg = Release|Win32
		{0A16E6E3-74EB-4D37-AE14-B1D7F7B58582}.Release|Mixed Platforms.ActiveCfg = Release|Win32
		{0A16E6E3-74EB-4D37-AE14-B1D7F7B58582}.Release|Mixed Platforms.Build.0 = Release|Win32
		{0A16E6E3-74EB-4D37-AE14-B1D7F7B58582}.Release|Win32.ActiveCfg = Release|Win32
		{0A16E6E3-74EB-4D37-AE14-B1D7F7B58582}.Release|Win32.Build.0 = Release|Win32
		{DAA3228F-C4F3-4A6C-B174-1ACA1252ECA6}.Debug|Any CPU.ActiveCfg = Debug|Win32
		{DAA3228F-C4F3-4A6C-B174-1ACA1252ECA6}.Debug|Mixed Platforms.ActiveCfg = Debug|Win32
		{DAA3228F-C4F3-4A6C-B174-1ACA1252ECA6}.Debug|Mixed Platforms.Build.0 = Debug|Win32
		{DAA3228F-C4F3-4A6C-B174-1ACA1252ECA6}.Debug|Win32.ActiveCfg = Debug|Win32
		{DAA3228F-C4F3-4A6C-B174-1ACA1252ECA6}.Debug|Win32.Build.0 = Debug|Win32
		{DAA3228F-C4F3-4A6C-B174-1ACA1252ECA6}.Release|Any CPU.ActiveCfg = Release|Win32
		{DAA3228F-C4F3-4A6C-B174-1ACA1252ECA6}.Release|Mixed Platforms.ActiveCfg = Release|Win32
		{DAA3228F-C4F3-4A6C-B174-1ACA1252ECA6}.Release|Mixed Platforms.Build.0 = Release|Win32
		{DAA3228F-C4F3-4A6C-B174-1ACA1252ECA6}.Release|Win32.ActiveCfg = Release|Win32
		{DAA3228F-C4F3-4A6C-B174-1ACA1252ECA6}.Release|Win32.Build.0 = Release|Win32
		{92E52E18-4604-4A7C-9CAE-BDFB4DEE6421}.Debug|Any CPU.ActiveCfg = Debug|Win32
		{92E52E18-4604-4A7C-9CAE-BDFB4DEE6421}.Debug|Mixed Platforms.ActiveCfg = Debug|Win32
		{92E52E18-4604-4A7C-9CAE-BDFB4DEE6421}.Debug|Mixed Platforms.Build.0 = Debug|Win32
		{92E52E18-4604-4A7C-9CAE-BDFB4DEE6421}.Debug|Win32.ActiveCfg = Debug|Win32
		{92E52E18-4604-4A7C-9CAE-BDFB4DEE6421}.Debug|Win32.Build.0 = Debug|Win32
		{92E52E18-4604-4A7C-9CAE-BDFB4DEE6421}.Release|Any CPU.ActiveCfg = Release|Win32
		{92E52E18-4604-4A7C-9CAE-BDFB4DEE6421}.Release|Mixed Platforms.ActiveCfg = Release|Win32
		{92E52E18-4604-4A7C-9CAE-BDFB4DEE6421}.Release|Mixed Platforms.Build.0 = Release|Win32
		{92E52E18-4604-4A7C-9CAE-BDFB4DEE6421}.Release|Win32.ActiveCfg = Release|Win32
		{92E52E18-4604-4A7C-9CAE-BDFB4DEE6421}.Release|Win32.Build.0 = Release|Win32
		{92E661E1-5BA2-4EED-A47C-2DA597E9505C}.Debug|Any CPU.ActiveCfg = Debug|Win32
		{92E661E1-5BA2-4EED-A47C-2DA597E9505C}.Debug|Mixed Platforms.ActiveCfg = Debug|Win32
		{92E661E1-5BA2-4EED-A47C-2DA597E9505C}.Debug|Mixed Platforms.Build.0 = Debug|Win32
		{92E661E1-5BA2-4EED-A47C-2DA597E9505C}.Debug|Win32.ActiveCfg = Debug|Win32
		{92E661E1-5BA2-4EED-A47C-2DA597E9505C}.Debug|Win32.Build.0 = Debug|Win32
		{92E661E1-5BA2-4EED-A47C-2DA597E9505C}.Release|Any CPU.ActiveCfg = Release|Win32
		{92E661E1-5BA2-4EED-A47C-2DA597E9505C}.Release|Mixed Platforms.ActiveCfg = Release|Win32
		{92E661E1-5BA2-4EED-A47C-2DA597E9505C}.Release|Mixed Platforms.Build.0 = Release|Win32
		{92E661E1-5BA2-4EED-A47C-2DA597E9505C}.Release|Win32.ActiveCfg = Release|Win32
		{92E661E1-5BA2-4EED-A47C-2DA597E9505C}.Release|Win32.Build.0 = Release|Win32
		{21C691E2-235C-430F-8169-0AEA3C158170}.Debug|Any CPU.ActiveCfg = Debug|Win32
		{21C691E2-235C-430F-8169-0AEA3C158170}.Debug|Mixed Platforms.ActiveCfg = Debug|Win32
		{21C691E2-235C-430F-8169-0AEA3C158170}.Debug|Mixed Platforms.Build.0 = Debug|Win32
		{21C691E2-235C-430F-8169-0AEA3C158170}.Debug|Win32.ActiveCfg = Debug|Win32
		{21C691E2-235C-430F-8169-0AEA3C158170}.Debug|Win32.Build.0 = Debug|Win32
		{21C691E2-235C-430F-8169-0AEA3C158170}.Release|Any CPU.ActiveCfg = Release|Win32
		{21C691E2-235C-430F-8169-0AEA3C158170}.Release|Mixed Platforms.ActiveCfg = Release|Win32
		{21C691E2-235C-430F-8169-0AEA3C158170}.Release|Mixed Platforms.Build.0 = Release|Win32
		{21C691E2-235C-430F-8169-0AEA3C158170}.Release|Win32.ActiveCfg = Release|Win32
		{21C691E2-235C-430F-8169-0AEA3C158170}.Release|Win32.Build.0 = Release|Win32
		{79CB11E1-E136-4B4C-900B-65E12511BBE8}.Debug|Any CPU.ActiveCfg = Debug|Win32
		{79CB11E1-E136-4B4C-900B-65E12511BBE8}.Debug|Mixed Platforms.ActiveCfg = Debug|Win32
		{79CB11E1-E136-4B4C-900B-65E12511BBE8}.Debug|Mixed Platforms.Build.0 = Debug|Win32
		{79CB11E1-E136-4B4C-900B-65E12511BBE8}.Debug|Win32.ActiveCfg = Debug|Win32
		{79CB11E1-E136-4B4C-900B-65E12511BBE8}.Debug|Win32.Build.0 = Debug|Win32
		{79CB11E1-E136-4B4C-900B-65E12511BBE8}.Release|Any CPU.ActiveCfg = Release|Win32
		{79CB11E1-E136-4B4C-900B-65E12511BBE8}.Release|Mixed Platforms.ActiveCfg = Release|Win32
		{79CB11E1-E136-4B4C-900B-65E12511BBE8}.Release|Mixed Platforms.Build.0 = Release|Win32
		{79CB11E1-E136-4B4C-900B-65E12511BBE8}.Release|Win32.ActiveCfg = Release|Win32
		{79CB11E1-E136-4B4C-900B-65E12511BBE8}.Release|Win32.Build.0 = Release|Win32
	EndGlobalSection
	GlobalSection(SolutionProperties) = preSolution
		HideSolutionNode = FALSE
	EndGlobalSection
EndGlobal
